
Microsoft Visual Studio Solution File, Format Version 12.00
# Visual Studio Version 17
VisualStudioVersion = 17.11.35312.102
MinimumVisualStudioVersion = 10.0.40219.1
Project("{FAE04EC0-301F-11D3-BF4B-00C04F79EFBC}") = "FitnessProgramManagementSystem1", "FitnessProgramManagementSystem1\FitnessProgramManagementSystem1.csproj", "{F750FAED-C8E1-4FA4-8768-4102BC98CA9B}"
EndProject
Global
	GlobalSection(SolutionConfigurationPlatforms) = preSolution
		Debug|Any CPU = Debug|Any CPU
		Release|Any CPU = Release|Any CPU
	EndGlobalSection
	GlobalSection(ProjectConfigurationPlatforms) = postSolution
		{F750FAED-C8E1-4FA4-8768-4102BC98CA9B}.Debug|Any CPU.ActiveCfg = Debug|Any CPU
		{F750FAED-C8E1-4FA4-8768-4102BC98CA9B}.Debug|Any CPU.Build.0 = Debug|Any CPU
		{F750FAED-C8E1-4FA4-8768-4102BC98CA9B}.Release|Any CPU.ActiveCfg = Release|Any CPU
		{F750FAED-C8E1-4FA4-8768-4102BC98CA9B}.Release|Any CPU.Build.0 = Release|Any CPU
	EndGlobalSection
	GlobalSection(SolutionProperties) = preSolution
		HideSolutionNode = FALSE
	EndGlobalSection
	GlobalSection(ExtensibilityGlobals) = postSolution
		SolutionGuid = {2EC3594F-E825-4210-9476-48AEB0D9C241}
	EndGlobalSection
EndGlobal
